<?xml version="1.0" encoding="utf-8"?>
<Project ToolsVersion="4.0" xmlns="http://schemas.microsoft.com/developer/msbuild/2003">
  <ItemGroup>
    <Filter Include="Source Files">
      <UniqueIdentifier>{4FC737F1-C7A5-4376-A066-2A32D752A2FF}</UniqueIdentifier>
      <Extensions>cpp;c;cc;cxx;def;odl;idl;hpj;bat;asm;asmx</Extensions>
    </Filter>
    <Filter Include="Header Files">
      <UniqueIdentifier>{93995380-89BD-4b04-88EB-625FBE52EBFB}</UniqueIdentifier>
      <Extensions>h;hh;hpp;hxx;hm;inl;inc;xsd</Extensions>
    </Filter>
    <Filter Include="Resource Files">
      <UniqueIdentifier>{67DA6AB6-F800-4c08-8B7A-83BB121AAD01}</UniqueIdentifier>
      <Extensions>rc;ico;cur;bmp;dlg;rc2;rct;bin;rgs;gif;jpg;jpeg;jpe;resx;tiff;tif;png;wav;mfcribbon-ms</Extensions>
    </Filter>
    <Filter Include="Source Files\Graphics">
      <UniqueIdentifier>{834d50ed-b774-4e71-9be3-47ed121cda2b}</UniqueIdentifier>
    </Filter>
    <Filter Include="Source Files\Graphics\Shader">
      <UniqueIdentifier>{3f934eaf-97bb-423b-82f4-be02d2b25cb5}</UniqueIdentifier>
    </Filter>
    <Filter Include="Source Files\Graphics\Rendering">
      <UniqueIdentifier>{b8e027b3-467f-49d4-8943-192ec5cff704}</UniqueIdentifier>
    </Filter>
    <Filter Include="Source Files\Graphics\Rendering\Primitives">
      <UniqueIdentifier>{36544c95-494f-4739-9e11-e7cfd421baf9}</UniqueIdentifier>
    </Filter>
    <Filter Include="Source Files\Utils">
      <UniqueIdentifier>{793d8e2b-5952-4c35-809b-50449c2a52d3}</UniqueIdentifier>
    </Filter>
  </ItemGroup>
  <ItemGroup>
    <ClInclude Include="..\Graphics\Rendering\Object.h">
      <Filter>Source Files\Graphics\Rendering</Filter>
    </ClInclude>
    <ClInclude Include="..\Graphics\Rendering\Renderer.h">
      <Filter>Source Files\Graphics\Rendering</Filter>
    </ClInclude>
    <ClInclude Include="..\Graphics\Rendering\Primitives\Shape.h">
      <Filter>Source Files\Graphics\Rendering\Primitives</Filter>
    </ClInclude>
    <ClInclude Include="..\Graphics\Shader\Shader.h">
      <Filter>Source Files\Graphics\Shader</Filter>
    </ClInclude>
    <ClInclude Include="..\Graphics\Window.h">
      <Filter>Source Files\Graphics</Filter>
    </ClInclude>
    <ClInclude Include="..\libs.h">
      <Filter>Source Files</Filter>
    </ClInclude>
    <ClInclude Include="..\Utils\Timer.h">
      <Filter>Source Files\Utils</Filter>
    </ClInclude>
  </ItemGroup>
  <ItemGroup>
    <ClCompile Include="..\Graphics\Rendering\Renderer.cpp">
      <Filter>Source Files\Graphics\Rendering</Filter>
    </ClCompile>
    <ClCompile Include="..\Graphics\Rendering\Primitives\Shape.cpp">
      <Filter>Source Files\Graphics\Rendering\Primitives</Filter>
    </ClCompile>
    <ClCompile Include="..\Graphics\Shader\Shader.cpp">
      <Filter>Source Files\Graphics\Shader</Filter>
    </ClCompile>
    <ClCompile Include="..\Graphics\Window.cpp">
      <Filter>Source Files\Graphics</Filter>
    </ClCompile>
    <ClCompile Include="..\main.cpp">
      <Filter>Source Files</Filter>
    </ClCompile>
    <ClCompile Include="..\Utils\Timer.cpp">
      <Filter>Source Files\Utils</Filter>
    </ClCompile>
  </ItemGroup>
  <ItemGroup>
    <None Include="packages.config" />
  </ItemGroup>
</Project>